// !$*UTF8*$!
{
	archiveVersion = 1;
	classes = {
	};
	objectVersion = 46;
	objects = {

/* Begin PBXBuildFile section */
		1D3623260D0F684500981E51 /* MashMachineAppDelegate.m in Sources */ = {isa = PBXBuildFile; fileRef = 1D3623250D0F684500981E51 /* MashMachineAppDelegate.m */; };
		1D60589B0D05DD56006BFB54 /* main.m in Sources */ = {isa = PBXBuildFile; fileRef = 29B97316FDCFA39411CA2CEA /* main.m */; };
		1D60589F0D05DD5A006BFB54 /* Foundation.framework in Frameworks */ = {isa = PBXBuildFile; fileRef = 1D30AB110D05D00D00671497 /* Foundation.framework */; };
		1DF5F4E00D08C38300B7A737 /* UIKit.framework in Frameworks */ = {isa = PBXBuildFile; fileRef = 1DF5F4DF0D08C38300B7A737 /* UIKit.framework */; };
		2804200B108E984D000629CD /* RootViewController.m in Sources */ = {isa = PBXBuildFile; fileRef = 28042008108E984D000629CD /* RootViewController.m */; };
		2804200C108E984D000629CD /* DetailViewController.m in Sources */ = {isa = PBXBuildFile; fileRef = 2804200A108E984D000629CD /* DetailViewController.m */; };
		2804203C108E9BAB000629CD /* DetailView.xib in Resources */ = {isa = PBXBuildFile; fileRef = 2804203B108E9BAB000629CD /* DetailView.xib */; };
		280420C1108EA07E000629CD /* CoreData.framework in Frameworks */ = {isa = PBXBuildFile; fileRef = 280420C0108EA07E000629CD /* CoreData.framework */; };
		2819300E112F7FA900ECF9B4 /* MashMachine.xcdatamodeld in Sources */ = {isa = PBXBuildFile; fileRef = 2819300D112F7FA900ECF9B4 /* MashMachine.xcdatamodeld */; };
		2892E4100DC94CBA00A64D0F /* CoreGraphics.framework in Frameworks */ = {isa = PBXBuildFile; fileRef = 2892E40F0DC94CBA00A64D0F /* CoreGraphics.framework */; };
		28AD73600D9D9599002E5188 /* MainWindow.xib in Resources */ = {isa = PBXBuildFile; fileRef = 28AD735F0D9D9599002E5188 /* MainWindow.xib */; };
		F6005963132E93BC0092A4DD /* QuartzCore.framework in Frameworks */ = {isa = PBXBuildFile; fileRef = F6005962132E93BC0092A4DD /* QuartzCore.framework */; };
		F60059DD132E9A6F0092A4DD /* MashPlotCell.m in Sources */ = {isa = PBXBuildFile; fileRef = F60059DC132E9A6F0092A4DD /* MashPlotCell.m */; };
		F600B12A131E57FD009D00F5 /* TableCellFactory.m in Sources */ = {isa = PBXBuildFile; fileRef = F600B129131E57FD009D00F5 /* TableCellFactory.m */; };
		F600B12C131E585F009D00F5 /* TableViewCells.xib in Resources */ = {isa = PBXBuildFile; fileRef = F600B12B131E585F009D00F5 /* TableViewCells.xib */; };
		F600B2D0131EEF1A009D00F5 /* ViewUtils.m in Sources */ = {isa = PBXBuildFile; fileRef = F600B2CF131EEF1A009D00F5 /* ViewUtils.m */; };
		F600B385131EFF9A009D00F5 /* MashStepCell.m in Sources */ = {isa = PBXBuildFile; fileRef = F600B384131EFF9A009D00F5 /* MashStepCell.m */; };
		F600B55D131F1911009D00F5 /* MashCalculations.c in Sources */ = {isa = PBXBuildFile; fileRef = F600B55C131F1911009D00F5 /* MashCalculations.c */; };
		F600B9891320647E009D00F5 /* EditStepViewController.m in Sources */ = {isa = PBXBuildFile; fileRef = F600B9871320647E009D00F5 /* EditStepViewController.m */; };
		F600B98A1320647E009D00F5 /* EditStepViewController.xib in Resources */ = {isa = PBXBuildFile; fileRef = F600B9881320647E009D00F5 /* EditStepViewController.xib */; };
		F600BBE713217791009D00F5 /* EditableTextCell.m in Sources */ = {isa = PBXBuildFile; fileRef = F600BBE613217791009D00F5 /* EditableTextCell.m */; };
		F600BE2A13218215009D00F5 /* SelectOneViewController.m in Sources */ = {isa = PBXBuildFile; fileRef = F600BE2813218215009D00F5 /* SelectOneViewController.m */; };
		F600BE2B13218215009D00F5 /* SelectOneViewController.xib in Resources */ = {isa = PBXBuildFile; fileRef = F600BE2913218215009D00F5 /* SelectOneViewController.xib */; };
		F600C4271321A965009D00F5 /* EditableTextAndUnitsCell.m in Sources */ = {isa = PBXBuildFile; fileRef = F600C4261321A965009D00F5 /* EditableTextAndUnitsCell.m */; };
		F600C6EA13257A31009D00F5 /* DetailsSectionHeader.xib in Resources */ = {isa = PBXBuildFile; fileRef = F600C6E913257A31009D00F5 /* DetailsSectionHeader.xib */; };
		F600C799132583DE009D00F5 /* add_button_bkg.png in Resources */ = {isa = PBXBuildFile; fileRef = F600C798132583DE009D00F5 /* add_button_bkg.png */; };
		F600CD891325A49F009D00F5 /* MashProfileCell.m in Sources */ = {isa = PBXBuildFile; fileRef = F600CD881325A49F009D00F5 /* MashProfileCell.m */; };
		F680E05B1332BB2D009D97BA /* Entities.m in Sources */ = {isa = PBXBuildFile; fileRef = F680E05A1332BB2D009D97BA /* Entities.m */; };
		F680E39E1333C95C009D97BA /* MainWindow-iPhone.xib in Resources */ = {isa = PBXBuildFile; fileRef = F680E39D1333C95C009D97BA /* MainWindow-iPhone.xib */; };
		F680E5521333E635009D97BA /* DetailsSectionHeader-iPhone.xib in Resources */ = {isa = PBXBuildFile; fileRef = F680E5511333E635009D97BA /* DetailsSectionHeader-iPhone.xib */; };
		F6C63F6513144B450028F1C9 /* DatabaseUtils.m in Sources */ = {isa = PBXBuildFile; fileRef = F6C63F6413144B450028F1C9 /* DatabaseUtils.m */; };
		F6C63F6D13144C080028F1C9 /* MashProfile.plist in Resources */ = {isa = PBXBuildFile; fileRef = F6C63F6C13144C080028F1C9 /* MashProfile.plist */; };
		F6C63F94131451690028F1C9 /* Constants.m in Sources */ = {isa = PBXBuildFile; fileRef = F6C63F93131451690028F1C9 /* Constants.m */; };
		F6EDAAD41326A95E0000D24E /* UnitConverter.m in Sources */ = {isa = PBXBuildFile; fileRef = F6EDAAD31326A95E0000D24E /* UnitConverter.m */; };
		F6F2799F13284F8600845E67 /* Settings.bundle in Resources */ = {isa = PBXBuildFile; fileRef = F6F2799E13284F8600845E67 /* Settings.bundle */; };
/* End PBXBuildFile section */

/* Begin PBXFileReference section */
		1D30AB110D05D00D00671497 /* Foundation.framework */ = {isa = PBXFileReference; lastKnownFileType = wrapper.framework; name = Foundation.framework; path = System/Library/Frameworks/Foundation.framework; sourceTree = SDKROOT; };
		1D3623240D0F684500981E51 /* MashMachineAppDelegate.h */ = {isa = PBXFileReference; fileEncoding = 4; lastKnownFileType = sourcecode.c.h; path = MashMachineAppDelegate.h; sourceTree = "<group>"; };
		1D3623250D0F684500981E51 /* MashMachineAppDelegate.m */ = {isa = PBXFileReference; fileEncoding = 4; lastKnownFileType = sourcecode.c.objc; path = MashMachineAppDelegate.m; sourceTree = "<group>"; };
		1D6058910D05DD3D006BFB54 /* MashMachine.app */ = {isa = PBXFileReference; explicitFileType = wrapper.application; includeInIndex = 0; path = MashMachine.app; sourceTree = BUILT_PRODUCTS_DIR; };
		1DF5F4DF0D08C38300B7A737 /* UIKit.framework */ = {isa = PBXFileReference; lastKnownFileType = wrapper.framework; name = UIKit.framework; path = System/Library/Frameworks/UIKit.framework; sourceTree = SDKROOT; };
		28042007108E984D000629CD /* RootViewController.h */ = {isa = PBXFileReference; fileEncoding = 4; lastKnownFileType = sourcecode.c.h; path = RootViewController.h; sourceTree = "<group>"; };
		28042008108E984D000629CD /* RootViewController.m */ = {isa = PBXFileReference; fileEncoding = 4; lastKnownFileType = sourcecode.c.objc; path = RootViewController.m; sourceTree = "<group>"; };
		28042009108E984D000629CD /* DetailViewController.h */ = {isa = PBXFileReference; fileEncoding = 4; lastKnownFileType = sourcecode.c.h; path = DetailViewController.h; sourceTree = "<group>"; };
		2804200A108E984D000629CD /* DetailViewController.m */ = {isa = PBXFileReference; fileEncoding = 4; lastKnownFileType = sourcecode.c.objc; path = DetailViewController.m; sourceTree = "<group>"; };
		2804203B108E9BAB000629CD /* DetailView.xib */ = {isa = PBXFileReference; lastKnownFileType = file.xib; path = DetailView.xib; sourceTree = "<group>"; };
		280420B3108E9F58000629CD /* MashMachine.xcdatamodel */ = {isa = PBXFileReference; fileEncoding = 4; lastKnownFileType = wrapper.xcdatamodel; path = MashMachine.xcdatamodel; sourceTree = "<group>"; };
		280420C0108EA07E000629CD /* CoreData.framework */ = {isa = PBXFileReference; lastKnownFileType = wrapper.framework; name = CoreData.framework; path = System/Library/Frameworks/CoreData.framework; sourceTree = SDKROOT; };
		2892E40F0DC94CBA00A64D0F /* CoreGraphics.framework */ = {isa = PBXFileReference; lastKnownFileType = wrapper.framework; name = CoreGraphics.framework; path = System/Library/Frameworks/CoreGraphics.framework; sourceTree = SDKROOT; };
		28A0AAE50D9B0CCF005BE974 /* MashMachine_Prefix.pch */ = {isa = PBXFileReference; fileEncoding = 4; lastKnownFileType = sourcecode.c.h; path = MashMachine_Prefix.pch; sourceTree = "<group>"; };
		28AD735F0D9D9599002E5188 /* MainWindow.xib */ = {isa = PBXFileReference; lastKnownFileType = file.xib; path = MainWindow.xib; sourceTree = "<group>"; };
		29B97316FDCFA39411CA2CEA /* main.m */ = {isa = PBXFileReference; fileEncoding = 4; lastKnownFileType = sourcecode.c.objc; path = main.m; sourceTree = "<group>"; };
		8D1107310486CEB800E47090 /* MashMachine-Info.plist */ = {isa = PBXFileReference; fileEncoding = 4; lastKnownFileType = text.plist.xml; path = "MashMachine-Info.plist"; plistStructureDefinitionIdentifier = "com.apple.xcode.plist.structure-definition.iphone.info-plist"; sourceTree = "<group>"; };
		F6005962132E93BC0092A4DD /* QuartzCore.framework */ = {isa = PBXFileReference; lastKnownFileType = wrapper.framework; name = QuartzCore.framework; path = System/Library/Frameworks/QuartzCore.framework; sourceTree = SDKROOT; };
		F60059DB132E9A6F0092A4DD /* MashPlotCell.h */ = {isa = PBXFileReference; fileEncoding = 4; lastKnownFileType = sourcecode.c.h; path = MashPlotCell.h; sourceTree = "<group>"; };
		F60059DC132E9A6F0092A4DD /* MashPlotCell.m */ = {isa = PBXFileReference; fileEncoding = 4; lastKnownFileType = sourcecode.c.objc; path = MashPlotCell.m; sourceTree = "<group>"; };
		F600B128131E57FD009D00F5 /* TableCellFactory.h */ = {isa = PBXFileReference; fileEncoding = 4; lastKnownFileType = sourcecode.c.h; path = TableCellFactory.h; sourceTree = "<group>"; };
		F600B129131E57FD009D00F5 /* TableCellFactory.m */ = {isa = PBXFileReference; fileEncoding = 4; lastKnownFileType = sourcecode.c.objc; path = TableCellFactory.m; sourceTree = "<group>"; };
		F600B12B131E585F009D00F5 /* TableViewCells.xib */ = {isa = PBXFileReference; lastKnownFileType = file.xib; path = TableViewCells.xib; sourceTree = "<group>"; };
		F600B2CE131EEF1A009D00F5 /* ViewUtils.h */ = {isa = PBXFileReference; fileEncoding = 4; lastKnownFileType = sourcecode.c.h; path = ViewUtils.h; sourceTree = "<group>"; };
		F600B2CF131EEF1A009D00F5 /* ViewUtils.m */ = {isa = PBXFileReference; fileEncoding = 4; lastKnownFileType = sourcecode.c.objc; path = ViewUtils.m; sourceTree = "<group>"; };
		F600B383131EFF9A009D00F5 /* MashStepCell.h */ = {isa = PBXFileReference; fileEncoding = 4; lastKnownFileType = sourcecode.c.h; path = MashStepCell.h; sourceTree = "<group>"; };
		F600B384131EFF9A009D00F5 /* MashStepCell.m */ = {isa = PBXFileReference; fileEncoding = 4; lastKnownFileType = sourcecode.c.objc; path = MashStepCell.m; sourceTree = "<group>"; };
		F600B55B131F1911009D00F5 /* MashCalculations.h */ = {isa = PBXFileReference; fileEncoding = 4; lastKnownFileType = sourcecode.c.h; path = MashCalculations.h; sourceTree = "<group>"; };
		F600B55C131F1911009D00F5 /* MashCalculations.c */ = {isa = PBXFileReference; fileEncoding = 4; lastKnownFileType = sourcecode.c.c; path = MashCalculations.c; sourceTree = "<group>"; };
		F600B594132021BD009D00F5 /* IMashInfo.h */ = {isa = PBXFileReference; fileEncoding = 4; lastKnownFileType = sourcecode.c.h; path = IMashInfo.h; sourceTree = "<group>"; };
		F600B9861320647E009D00F5 /* EditStepViewController.h */ = {isa = PBXFileReference; fileEncoding = 4; lastKnownFileType = sourcecode.c.h; path = EditStepViewController.h; sourceTree = "<group>"; };
		F600B9871320647E009D00F5 /* EditStepViewController.m */ = {isa = PBXFileReference; fileEncoding = 4; lastKnownFileType = sourcecode.c.objc; path = EditStepViewController.m; sourceTree = "<group>"; };
		F600B9881320647E009D00F5 /* EditStepViewController.xib */ = {isa = PBXFileReference; lastKnownFileType = file.xib; name = EditStepViewController.xib; path = Classes/EditStepViewController.xib; sourceTree = "<group>"; };
		F600BBE513217791009D00F5 /* EditableTextCell.h */ = {isa = PBXFileReference; fileEncoding = 4; lastKnownFileType = sourcecode.c.h; path = EditableTextCell.h; sourceTree = "<group>"; };
		F600BBE613217791009D00F5 /* EditableTextCell.m */ = {isa = PBXFileReference; fileEncoding = 4; lastKnownFileType = sourcecode.c.objc; path = EditableTextCell.m; sourceTree = "<group>"; };
		F600BE2713218215009D00F5 /* SelectOneViewController.h */ = {isa = PBXFileReference; fileEncoding = 4; lastKnownFileType = sourcecode.c.h; path = SelectOneViewController.h; sourceTree = "<group>"; };
		F600BE2813218215009D00F5 /* SelectOneViewController.m */ = {isa = PBXFileReference; fileEncoding = 4; lastKnownFileType = sourcecode.c.objc; path = SelectOneViewController.m; sourceTree = "<group>"; };
		F600BE2913218215009D00F5 /* SelectOneViewController.xib */ = {isa = PBXFileReference; lastKnownFileType = file.xib; name = SelectOneViewController.xib; path = Classes/SelectOneViewController.xib; sourceTree = "<group>"; };
		F600C4251321A965009D00F5 /* EditableTextAndUnitsCell.h */ = {isa = PBXFileReference; fileEncoding = 4; lastKnownFileType = sourcecode.c.h; path = EditableTextAndUnitsCell.h; sourceTree = "<group>"; };
		F600C4261321A965009D00F5 /* EditableTextAndUnitsCell.m */ = {isa = PBXFileReference; fileEncoding = 4; lastKnownFileType = sourcecode.c.objc; path = EditableTextAndUnitsCell.m; sourceTree = "<group>"; };
		F600C6E913257A31009D00F5 /* DetailsSectionHeader.xib */ = {isa = PBXFileReference; lastKnownFileType = file.xib; path = DetailsSectionHeader.xib; sourceTree = "<group>"; };
		F600C798132583DE009D00F5 /* add_button_bkg.png */ = {isa = PBXFileReference; lastKnownFileType = image.png; path = add_button_bkg.png; sourceTree = "<group>"; };
		F600CD871325A49F009D00F5 /* MashProfileCell.h */ = {isa = PBXFileReference; fileEncoding = 4; lastKnownFileType = sourcecode.c.h; path = MashProfileCell.h; sourceTree = "<group>"; };
		F600CD881325A49F009D00F5 /* MashProfileCell.m */ = {isa = PBXFileReference; fileEncoding = 4; lastKnownFileType = sourcecode.c.objc; path = MashProfileCell.m; sourceTree = "<group>"; };
		F680E0591332BB2D009D97BA /* Entities.h */ = {isa = PBXFileReference; fileEncoding = 4; lastKnownFileType = sourcecode.c.h; path = Entities.h; sourceTree = "<group>"; };
		F680E05A1332BB2D009D97BA /* Entities.m */ = {isa = PBXFileReference; fileEncoding = 4; lastKnownFileType = sourcecode.c.objc; path = Entities.m; sourceTree = "<group>"; };
		F680E39D1333C95C009D97BA /* MainWindow-iPhone.xib */ = {isa = PBXFileReference; lastKnownFileType = file.xib; path = "MainWindow-iPhone.xib"; sourceTree = "<group>"; };
		F680E5511333E635009D97BA /* DetailsSectionHeader-iPhone.xib */ = {isa = PBXFileReference; lastKnownFileType = file.xib; path = "DetailsSectionHeader-iPhone.xib"; sourceTree = "<group>"; };
		F6C63F6313144B450028F1C9 /* DatabaseUtils.h */ = {isa = PBXFileReference; fileEncoding = 4; lastKnownFileType = sourcecode.c.h; path = DatabaseUtils.h; sourceTree = "<group>"; };
		F6C63F6413144B450028F1C9 /* DatabaseUtils.m */ = {isa = PBXFileReference; fileEncoding = 4; lastKnownFileType = sourcecode.c.objc; path = DatabaseUtils.m; sourceTree = "<group>"; };
		F6C63F6C13144C080028F1C9 /* MashProfile.plist */ = {isa = PBXFileReference; fileEncoding = 4; lastKnownFileType = text.plist.xml; path = MashProfile.plist; sourceTree = "<group>"; };
		F6C63F92131451690028F1C9 /* Constants.h */ = {isa = PBXFileReference; fileEncoding = 4; lastKnownFileType = sourcecode.c.h; path = Constants.h; sourceTree = "<group>"; };
		F6C63F93131451690028F1C9 /* Constants.m */ = {isa = PBXFileReference; fileEncoding = 4; lastKnownFileType = sourcecode.c.objc; path = Constants.m; sourceTree = "<group>"; };
		F6EDAAD21326A95E0000D24E /* UnitConverter.h */ = {isa = PBXFileReference; fileEncoding = 4; lastKnownFileType = sourcecode.c.h; path = UnitConverter.h; sourceTree = "<group>"; };
		F6EDAAD31326A95E0000D24E /* UnitConverter.m */ = {isa = PBXFileReference; fileEncoding = 4; lastKnownFileType = sourcecode.c.objc; path = UnitConverter.m; sourceTree = "<group>"; };
		F6F2799E13284F8600845E67 /* Settings.bundle */ = {isa = PBXFileReference; lastKnownFileType = "wrapper.plug-in"; path = Settings.bundle; sourceTree = "<group>"; };
/* End PBXFileReference section */

/* Begin PBXFrameworksBuildPhase section */
		1D60588F0D05DD3D006BFB54 /* Frameworks */ = {
			isa = PBXFrameworksBuildPhase;
			buildActionMask = 2147483647;
			files = (
				1D60589F0D05DD5A006BFB54 /* Foundation.framework in Frameworks */,
				1DF5F4E00D08C38300B7A737 /* UIKit.framework in Frameworks */,
				2892E4100DC94CBA00A64D0F /* CoreGraphics.framework in Frameworks */,
				280420C1108EA07E000629CD /* CoreData.framework in Frameworks */,
				F6005963132E93BC0092A4DD /* QuartzCore.framework in Frameworks */,
			);
			runOnlyForDeploymentPostprocessing = 0;
		};
/* End PBXFrameworksBuildPhase section */

/* Begin PBXGroup section */
		080E96DDFE201D6D7F000001 /* Classes */ = {
			isa = PBXGroup;
			children = (
				28042009108E984D000629CD /* DetailViewController.h */,
				2804200A108E984D000629CD /* DetailViewController.m */,
				F600B9861320647E009D00F5 /* EditStepViewController.h */,
				F600B9871320647E009D00F5 /* EditStepViewController.m */,
				F680E0591332BB2D009D97BA /* Entities.h */,
				F680E05A1332BB2D009D97BA /* Entities.m */,
				F6EDAACF1326A8FA0000D24E /* Formatters */,
				F600B55C131F1911009D00F5 /* MashCalculations.c */,
				F600B55B131F1911009D00F5 /* MashCalculations.h */,
				1D3623240D0F684500981E51 /* MashMachineAppDelegate.h */,
				1D3623250D0F684500981E51 /* MashMachineAppDelegate.m */,
				F600B59313202120009D00F5 /* Protocols */,
				28042007108E984D000629CD /* RootViewController.h */,
				28042008108E984D000629CD /* RootViewController.m */,
				F600BE2713218215009D00F5 /* SelectOneViewController.h */,
				F600BE2813218215009D00F5 /* SelectOneViewController.m */,
				F600BBE21321776C009D00F5 /* Table Cells */,
				F600B128131E57FD009D00F5 /* TableCellFactory.h */,
				F600B129131E57FD009D00F5 /* TableCellFactory.m */,
				F6C63F6213144B250028F1C9 /* Utilities */,
			);
			path = Classes;
			sourceTree = "<group>";
		};
		19C28FACFE9D520D11CA2CBB /* Products */ = {
			isa = PBXGroup;
			children = (
				1D6058910D05DD3D006BFB54 /* MashMachine.app */,
			);
			name = Products;
			sourceTree = "<group>";
		};
		29B97314FDCFA39411CA2CEA /* CustomTemplate */ = {
			isa = PBXGroup;
			children = (
				080E96DDFE201D6D7F000001 /* Classes */,
				29B97315FDCFA39411CA2CEA /* Other Sources */,
				29B97317FDCFA39411CA2CEA /* Resources */,
				29B97323FDCFA39411CA2CEA /* Frameworks */,
				19C28FACFE9D520D11CA2CBB /* Products */,
			);
			name = CustomTemplate;
			sourceTree = "<group>";
		};
		29B97315FDCFA39411CA2CEA /* Other Sources */ = {
			isa = PBXGroup;
			children = (
				28A0AAE50D9B0CCF005BE974 /* MashMachine_Prefix.pch */,
				29B97316FDCFA39411CA2CEA /* main.m */,
				F6C63F92131451690028F1C9 /* Constants.h */,
				F6C63F93131451690028F1C9 /* Constants.m */,
			);
			name = "Other Sources";
			sourceTree = "<group>";
		};
		29B97317FDCFA39411CA2CEA /* Resources */ = {
			isa = PBXGroup;
			children = (
				F680E5511333E635009D97BA /* DetailsSectionHeader-iPhone.xib */,
				F600C6E913257A31009D00F5 /* DetailsSectionHeader.xib */,
				2804203B108E9BAB000629CD /* DetailView.xib */,
				F600B9881320647E009D00F5 /* EditStepViewController.xib */,
				F600C78013257FEA009D00F5 /* images */,
				F680E39D1333C95C009D97BA /* MainWindow-iPhone.xib */,
				28AD735F0D9D9599002E5188 /* MainWindow.xib */,
				8D1107310486CEB800E47090 /* MashMachine-Info.plist */,
				2819300D112F7FA900ECF9B4 /* MashMachine.xcdatamodeld */,
				F6C63F6C13144C080028F1C9 /* MashProfile.plist */,
				F600BE2913218215009D00F5 /* SelectOneViewController.xib */,
				F6F2799E13284F8600845E67 /* Settings.bundle */,
				F600B12B131E585F009D00F5 /* TableViewCells.xib */,
			);
			name = Resources;
			sourceTree = "<group>";
		};
		29B97323FDCFA39411CA2CEA /* Frameworks */ = {
			isa = PBXGroup;
			children = (
				1DF5F4DF0D08C38300B7A737 /* UIKit.framework */,
				1D30AB110D05D00D00671497 /* Foundation.framework */,
				2892E40F0DC94CBA00A64D0F /* CoreGraphics.framework */,
				280420C0108EA07E000629CD /* CoreData.framework */,
				F6005962132E93BC0092A4DD /* QuartzCore.framework */,
			);
			name = Frameworks;
			sourceTree = "<group>";
		};
		F600B59313202120009D00F5 /* Protocols */ = {
			isa = PBXGroup;
			children = (
				F600B594132021BD009D00F5 /* IMashInfo.h */,
			);
			name = Protocols;
			sourceTree = "<group>";
		};
		F600BBE21321776C009D00F5 /* Table Cells */ = {
			isa = PBXGroup;
			children = (
				F600C4251321A965009D00F5 /* EditableTextAndUnitsCell.h */,
				F600C4261321A965009D00F5 /* EditableTextAndUnitsCell.m */,
				F600BBE513217791009D00F5 /* EditableTextCell.h */,
				F600BBE613217791009D00F5 /* EditableTextCell.m */,
				F600CD871325A49F009D00F5 /* MashProfileCell.h */,
				F600CD881325A49F009D00F5 /* MashProfileCell.m */,
				F600B383131EFF9A009D00F5 /* MashStepCell.h */,
				F600B384131EFF9A009D00F5 /* MashStepCell.m */,
				F60059DB132E9A6F0092A4DD /* MashPlotCell.h */,
				F60059DC132E9A6F0092A4DD /* MashPlotCell.m */,
			);
			name = "Table Cells";
			sourceTree = "<group>";
		};
		F600C78013257FEA009D00F5 /* images */ = {
			isa = PBXGroup;
			children = (
				F600C798132583DE009D00F5 /* add_button_bkg.png */,
			);
			name = images;
			sourceTree = "<group>";
		};
		F6C63F6213144B250028F1C9 /* Utilities */ = {
			isa = PBXGroup;
			children = (
				F6C63F6313144B450028F1C9 /* DatabaseUtils.h */,
				F6C63F6413144B450028F1C9 /* DatabaseUtils.m */,
				F600B2CE131EEF1A009D00F5 /* ViewUtils.h */,
				F600B2CF131EEF1A009D00F5 /* ViewUtils.m */,
			);
			name = Utilities;
			sourceTree = "<group>";
		};
		F6EDAACF1326A8FA0000D24E /* Formatters */ = {
			isa = PBXGroup;
			children = (
				F6EDAAD21326A95E0000D24E /* UnitConverter.h */,
				F6EDAAD31326A95E0000D24E /* UnitConverter.m */,
			);
			name = Formatters;
			sourceTree = "<group>";
		};
/* End PBXGroup section */

/* Begin PBXNativeTarget section */
		1D6058900D05DD3D006BFB54 /* MashMachine */ = {
			isa = PBXNativeTarget;
			buildConfigurationList = 1D6058960D05DD3E006BFB54 /* Build configuration list for PBXNativeTarget "MashMachine" */;
			buildPhases = (
				1D60588D0D05DD3D006BFB54 /* Resources */,
				1D60588E0D05DD3D006BFB54 /* Sources */,
				1D60588F0D05DD3D006BFB54 /* Frameworks */,
			);
			buildRules = (
			);
			dependencies = (
			);
			name = MashMachine;
			productName = MashMachine;
			productReference = 1D6058910D05DD3D006BFB54 /* MashMachine.app */;
			productType = "com.apple.product-type.application";
		};
/* End PBXNativeTarget section */

/* Begin PBXProject section */
		29B97313FDCFA39411CA2CEA /* Project object */ = {
			isa = PBXProject;
			attributes = {
				ORGANIZATIONNAME = "Blue Cedar Creative";
			};
			buildConfigurationList = C01FCF4E08A954540054247B /* Build configuration list for PBXProject "MashMachine" */;
			compatibilityVersion = "Xcode 3.2";
			developmentRegion = English;
			hasScannedForEncodings = 1;
			knownRegions = (
				English,
				Japanese,
				French,
				German,
				en,
			);
			mainGroup = 29B97314FDCFA39411CA2CEA /* CustomTemplate */;
			projectDirPath = "";
			projectRoot = "";
			targets = (
				1D6058900D05DD3D006BFB54 /* MashMachine */,
			);
		};
/* End PBXProject section */

/* Begin PBXResourcesBuildPhase section */
		1D60588D0D05DD3D006BFB54 /* Resources */ = {
			isa = PBXResourcesBuildPhase;
			buildActionMask = 2147483647;
			files = (
				28AD73600D9D9599002E5188 /* MainWindow.xib in Resources */,
				2804203C108E9BAB000629CD /* DetailView.xib in Resources */,
				F6C63F6D13144C080028F1C9 /* MashProfile.plist in Resources */,
				F600B12C131E585F009D00F5 /* TableViewCells.xib in Resources */,
				F600B98A1320647E009D00F5 /* EditStepViewController.xib in Resources */,
				F600BE2B13218215009D00F5 /* SelectOneViewController.xib in Resources */,
				F600C6EA13257A31009D00F5 /* DetailsSectionHeader.xib in Resources */,
				F600C799132583DE009D00F5 /* add_button_bkg.png in Resources */,
				F6F2799F13284F8600845E67 /* Settings.bundle in Resources */,
				F680E39E1333C95C009D97BA /* MainWindow-iPhone.xib in Resources */,
				F680E5521333E635009D97BA /* DetailsSectionHeader-iPhone.xib in Resources */,
			);
			runOnlyForDeploymentPostprocessing = 0;
		};
/* End PBXResourcesBuildPhase section */

/* Begin PBXSourcesBuildPhase section */
		1D60588E0D05DD3D006BFB54 /* Sources */ = {
			isa = PBXSourcesBuildPhase;
			buildActionMask = 2147483647;
			files = (
				1D60589B0D05DD56006BFB54 /* main.m in Sources */,
				1D3623260D0F684500981E51 /* MashMachineAppDelegate.m in Sources */,
				2804200B108E984D000629CD /* RootViewController.m in Sources */,
				2804200C108E984D000629CD /* DetailViewController.m in Sources */,
				2819300E112F7FA900ECF9B4 /* MashMachine.xcdatamodeld in Sources */,
				F6C63F6513144B450028F1C9 /* DatabaseUtils.m in Sources */,
				F6C63F94131451690028F1C9 /* Constants.m in Sources */,
				F600B12A131E57FD009D00F5 /* TableCellFactory.m in Sources */,
				F600B2D0131EEF1A009D00F5 /* ViewUtils.m in Sources */,
				F600B385131EFF9A009D00F5 /* MashStepCell.m in Sources */,
				F600B55D131F1911009D00F5 /* MashCalculations.c in Sources */,
				F600B9891320647E009D00F5 /* EditStepViewController.m in Sources */,
				F600BBE713217791009D00F5 /* EditableTextCell.m in Sources */,
				F600BE2A13218215009D00F5 /* SelectOneViewController.m in Sources */,
				F600C4271321A965009D00F5 /* EditableTextAndUnitsCell.m in Sources */,
				F600CD891325A49F009D00F5 /* MashProfileCell.m in Sources */,
				F6EDAAD41326A95E0000D24E /* UnitConverter.m in Sources */,
				F60059DD132E9A6F0092A4DD /* MashPlotCell.m in Sources */,
				F680E05B1332BB2D009D97BA /* Entities.m in Sources */,
			);
			runOnlyForDeploymentPostprocessing = 0;
		};
/* End PBXSourcesBuildPhase section */

/* Begin XCBuildConfiguration section */
		1D6058940D05DD3E006BFB54 /* Debug */ = {
			isa = XCBuildConfiguration;
			buildSettings = {
				ALWAYS_SEARCH_USER_PATHS = NO;
				COPY_PHASE_STRIP = NO;
				GCC_DYNAMIC_NO_PIC = NO;
				GCC_OPTIMIZATION_LEVEL = 0;
				GCC_PRECOMPILE_PREFIX_HEADER = YES;
				GCC_PREFIX_HEADER = MashMachine_Prefix.pch;
				INFOPLIST_FILE = "MashMachine-Info.plist";
				PRODUCT_NAME = MashMachine;
			};
			name = Debug;
		};
		1D6058950D05DD3E006BFB54 /* Release */ = {
			isa = XCBuildConfiguration;
			buildSettings = {
				ALWAYS_SEARCH_USER_PATHS = NO;
				COPY_PHASE_STRIP = YES;
				GCC_PRECOMPILE_PREFIX_HEADER = YES;
				GCC_PREFIX_HEADER = MashMachine_Prefix.pch;
				INFOPLIST_FILE = "MashMachine-Info.plist";
				PRODUCT_NAME = MashMachine;
				VALIDATE_PRODUCT = YES;
			};
			name = Release;
		};
		C01FCF4F08A954540054247B /* Debug */ = {
			isa = XCBuildConfiguration;
			buildSettings = {
				ADDITIONAL_SDKS = "/Library/SDKs/CorePlotSDK/${PLATFORM_NAME}.sdk";
				ARCHS = "$(ARCHS_UNIVERSAL_IPHONE_OS)";
				"CODE_SIGN_IDENTITY[sdk=iphoneos*]" = "iPhone Developer: Tobias Patton (G5A7WHQ473)";
				GCC_C_LANGUAGE_STANDARD = c99;
				GCC_VERSION = com.apple.compilers.llvmgcc42;
				GCC_WARN_ABOUT_RETURN_TYPE = YES;
				GCC_WARN_UNUSED_VARIABLE = YES;
				OTHER_CFLAGS = "-DDEBUG";
				OTHER_LDFLAGS = (
					"-ObjC",
					"-all_load",
					"-lCorePlot",
				);
				PREBINDING = NO;
				"PROVISIONING_PROFILE[sdk=iphoneos*]" = "3E164807-9D08-4BAC-B96B-7F8AD85EA6CF";
				SDKROOT = iphoneos;
				TARGETED_DEVICE_FAMILY = "1,2";
			};
			name = Debug;
		};
		C01FCF5008A954540054247B /* Release */ = {
			isa = XCBuildConfiguration;
			buildSettings = {
				ADDITIONAL_SDKS = "/Library/SDKs/CorePlotSDK/${PLATFORM_NAME}.sdk";
				ARCHS = "$(ARCHS_UNIVERSAL_IPHONE_OS)";
				"CODE_SIGN_IDENTITY[sdk=iphoneos*]" = "iPhone Developer";
				GCC_C_LANGUAGE_STANDARD = c99;
				GCC_VERSION = com.apple.compilers.llvmgcc42;
				GCC_WARN_ABOUT_RETURN_TYPE = YES;
				GCC_WARN_UNUSED_VARIABLE = YES;
				OTHER_CFLAGS = "-DNS_BLOCK_ASSERTIONS=1";
				OTHER_LDFLAGS = (
					"-ObjC",
					"-all_load",
					"-lCorePlot",
				);
				PREBINDING = NO;
				SDKROOT = iphoneos;
				TARGETED_DEVICE_FAMILY = "1,2";
			};
			name = Release;
		};
/* End XCBuildConfiguration section */

/* Begin XCConfigurationList section */
		1D6058960D05DD3E006BFB54 /* Build configuration list for PBXNativeTarget "MashMachine" */ = {
			isa = XCConfigurationList;
			buildConfigurations = (
				1D6058940D05DD3E006BFB54 /* Debug */,
				1D6058950D05DD3E006BFB54 /* Release */,
			);
			defaultConfigurationIsVisible = 0;
			defaultConfigurationName = Release;
		};
		C01FCF4E08A954540054247B /* Build configuration list for PBXProject "MashMachine" */ = {
			isa = XCConfigurationList;
			buildConfigurations = (
				C01FCF4F08A954540054247B /* Debug */,
				C01FCF5008A954540054247B /* Release */,
			);
			defaultConfigurationIsVisible = 0;
			defaultConfigurationName = Release;
		};
/* End XCConfigurationList section */

/* Begin XCVersionGroup section */
		2819300D112F7FA900ECF9B4 /* MashMachine.xcdatamodeld */ = {
			isa = XCVersionGroup;
			children = (
				280420B3108E9F58000629CD /* MashMachine.xcdatamodel */,
			);
			currentVersion = 280420B3108E9F58000629CD /* MashMachine.xcdatamodel */;
			path = MashMachine.xcdatamodeld;
			sourceTree = "<group>";
			versionGroupType = wrapper.xcdatamodel;
		};
/* End XCVersionGroup section */
	};
	rootObject = 29B97313FDCFA39411CA2CEA /* Project object */;
}
